// !$*UTF8*$!
{
	archiveVersion = 1;
	classes = {
	};
	objectVersion = 51;
	objects = {

/* Begin PBXBuildFile section */
		A29B103726CB91CB007A93F2 /* AppDelegate.swift in Sources */ = {isa = PBXBuildFile; fileRef = A29B103626CB91CB007A93F2 /* AppDelegate.swift */; };
		A29B103926CB91CB007A93F2 /* SceneDelegate.swift in Sources */ = {isa = PBXBuildFile; fileRef = A29B103826CB91CB007A93F2 /* SceneDelegate.swift */; };
		A29B103B26CB91CB007A93F2 /* ViewController.swift in Sources */ = {isa = PBXBuildFile; fileRef = A29B103A26CB91CB007A93F2 /* ViewController.swift */; };
		A29B103E26CB91CB007A93F2 /* Main.storyboard in Resources */ = {isa = PBXBuildFile; fileRef = A29B103C26CB91CB007A93F2 /* Main.storyboard */; };
		A29B104026CB91CC007A93F2 /* Assets.xcassets in Resources */ = {isa = PBXBuildFile; fileRef = A29B103F26CB91CC007A93F2 /* Assets.xcassets */; };
		A29B104326CB91CC007A93F2 /* LaunchScreen.storyboard in Resources */ = {isa = PBXBuildFile; fileRef = A29B104126CB91CC007A93F2 /* LaunchScreen.storyboard */; };
		C6C0B441B70FB483E767A911 /* Pods_afterHolidays.framework in Frameworks */ = {isa = PBXBuildFile; fileRef = 529BBC8EFB95B92AC3559325 /* Pods_afterHolidays.framework */; };
/* End PBXBuildFile section */

/* Begin PBXFileReference section */
		529BBC8EFB95B92AC3559325 /* Pods_afterHolidays.framework */ = {isa = PBXFileReference; explicitFileType = wrapper.framework; includeInIndex = 0; path = Pods_afterHolidays.framework; sourceTree = BUILT_PRODUCTS_DIR; };
		8EF5168ED2C94F9963B5D152 /* Pods-afterHolidays.release.xcconfig */ = {isa = PBXFileReference; includeInIndex = 1; lastKnownFileType = text.xcconfig; name = "Pods-afterHolidays.release.xcconfig"; path = "Target Support Files/Pods-afterHolidays/Pods-afterHolidays.release.xcconfig"; sourceTree = "<group>"; };
		A29B103326CB91CB007A93F2 /* afterHolidays.app */ = {isa = PBXFileReference; explicitFileType = wrapper.application; includeInIndex = 0; path = afterHolidays.app; sourceTree = BUILT_PRODUCTS_DIR; };
		A29B103626CB91CB007A93F2 /* AppDelegate.swift */ = {isa = PBXFileReference; lastKnownFileType = sourcecode.swift; path = AppDelegate.swift; sourceTree = "<group>"; };
		A29B103826CB91CB007A93F2 /* SceneDelegate.swift */ = {isa = PBXFileReference; lastKnownFileType = sourcecode.swift; path = SceneDelegate.swift; sourceTree = "<group>"; };
		A29B103A26CB91CB007A93F2 /* ViewController.swift */ = {isa = PBXFileReference; lastKnownFileType = sourcecode.swift; path = ViewController.swift; sourceTree = "<group>"; };
		A29B103D26CB91CB007A93F2 /* Base */ = {isa = PBXFileReference; lastKnownFileType = file.storyboard; name = Base; path = Base.lproj/Main.storyboard; sourceTree = "<group>"; };
		A29B103F26CB91CC007A93F2 /* Assets.xcassets */ = {isa = PBXFileReference; lastKnownFileType = folder.assetcatalog; path = Assets.xcassets; sourceTree = "<group>"; };
		A29B104226CB91CC007A93F2 /* Base */ = {isa = PBXFileReference; lastKnownFileType = file.storyboard; name = Base; path = Base.lproj/LaunchScreen.storyboard; sourceTree = "<group>"; };
		A29B104426CB91CC007A93F2 /* Info.plist */ = {isa = PBXFileReference; lastKnownFileType = text.plist.xml; path = Info.plist; sourceTree = "<group>"; };
		DC09B2AA2BDC01511D5476EB /* Pods-afterHolidays.debug.xcconfig */ = {isa = PBXFileReference; includeInIndex = 1; lastKnownFileType = text.xcconfig; name = "Pods-afterHolidays.debug.xcconfig"; path = "Target Support Files/Pods-afterHolidays/Pods-afterHolidays.debug.xcconfig"; sourceTree = "<group>"; };
/* End PBXFileReference section */

/* Begin PBXFrameworksBuildPhase section */
		A29B103026CB91CB007A93F2 /* Frameworks */ = {
			isa = PBXFrameworksBuildPhase;
			buildActionMask = 2147483647;
			files = (
				C6C0B441B70FB483E767A911 /* Pods_afterHolidays.framework in Frameworks */,
			);
			runOnlyForDeploymentPostprocessing = 0;
		};
/* End PBXFrameworksBuildPhase section */

/* Begin PBXGroup section */
		0B18382C23901DE97CB085B2 /* Frameworks */ = {
			isa = PBXGroup;
			children = (
				529BBC8EFB95B92AC3559325 /* Pods_afterHolidays.framework */,
			);
			name = Frameworks;
			sourceTree = "<group>";
		};
		3B7787BA11DA44F05A264761 /* Pods */ = {
			isa = PBXGroup;
			children = (
				DC09B2AA2BDC01511D5476EB /* Pods-afterHolidays.debug.xcconfig */,
				8EF5168ED2C94F9963B5D152 /* Pods-afterHolidays.release.xcconfig */,
			);
			path = Pods;
			sourceTree = "<group>";
		};
		A29B102A26CB91CB007A93F2 = {
			isa = PBXGroup;
			children = (
				A29B103526CB91CB007A93F2 /* afterHolidays */,
				A29B103426CB91CB007A93F2 /* Products */,
				3B7787BA11DA44F05A264761 /* Pods */,
				0B18382C23901DE97CB085B2 /* Frameworks */,
			);
			sourceTree = "<group>";
		};
		A29B103426CB91CB007A93F2 /* Products */ = {
			isa = PBXGroup;
			children = (
				A29B103326CB91CB007A93F2 /* afterHolidays.app */,
			);
			name = Products;
			sourceTree = "<group>";
		};
		A29B103526CB91CB007A93F2 /* afterHolidays */ = {
			isa = PBXGroup;
			children = (
				A29B103626CB91CB007A93F2 /* AppDelegate.swift */,
				A29B103826CB91CB007A93F2 /* SceneDelegate.swift */,
				A29B103A26CB91CB007A93F2 /* ViewController.swift */,
				A29B103C26CB91CB007A93F2 /* Main.storyboard */,
				A29B103F26CB91CC007A93F2 /* Assets.xcassets */,
				A29B104126CB91CC007A93F2 /* LaunchScreen.storyboard */,
				A29B104426CB91CC007A93F2 /* Info.plist */,
			);
			path = afterHolidays;
			sourceTree = "<group>";
		};
/* End PBXGroup section */

/* Begin PBXNativeTarget section */
		A29B103226CB91CB007A93F2 /* afterHolidays */ = {
			isa = PBXNativeTarget;
			buildConfigurationList = A29B104726CB91CC007A93F2 /* Build configuration list for PBXNativeTarget "afterHolidays" */;
			buildPhases = (
				87B82A63616D3C331E312E24 /* [CP] Check Pods Manifest.lock */,
				A29B102F26CB91CB007A93F2 /* Sources */,
				A29B103026CB91CB007A93F2 /* Frameworks */,
				A29B103126CB91CB007A93F2 /* Resources */,
				CFC45F1E83C427E492D53183 /* [CP] Embed Pods Frameworks */,
			);
			buildRules = (
			);
			dependencies = (
			);
			name = afterHolidays;
			productName = afterHolidays;
			productReference = A29B103326CB91CB007A93F2 /* afterHolidays.app */;
			productType = "com.apple.product-type.application";
		};
/* End PBXNativeTarget section */

/* Begin PBXProject section */
		A29B102B26CB91CB007A93F2 /* Project object */ = {
			isa = PBXProject;
			attributes = {
				LastSwiftUpdateCheck = 1250;
				LastUpgradeCheck = 1250;
				TargetAttributes = {
					A29B103226CB91CB007A93F2 = {
						CreatedOnToolsVersion = 12.5.1;
					};
				};
			};
			buildConfigurationList = A29B102E26CB91CB007A93F2 /* Build configuration list for PBXProject "afterHolidays" */;
			compatibilityVersion = "Xcode 9.3";
			developmentRegion = en;
			hasScannedForEncodings = 0;
			knownRegions = (
				en,
				Base,
			);
			mainGroup = A29B102A26CB91CB007A93F2;
			productRefGroup = A29B103426CB91CB007A93F2 /* Products */;
			projectDirPath = "";
			projectRoot = "";
			targets = (
				A29B103226CB91CB007A93F2 /* afterHolidays */,
			);
		};
/* End PBXProject section */

/* Begin PBXResourcesBuildPhase section */
		A29B103126CB91CB007A93F2 /* Resources */ = {
			isa = PBXResourcesBuildPhase;
			buildActionMask = 2147483647;
			files = (
				A29B104326CB91CC007A93F2 /* LaunchScreen.storyboard in Resources */,
				A29B104026CB91CC007A93F2 /* Assets.xcassets in Resources */,
				A29B103E26CB91CB007A93F2 /* Main.storyboard in Resources */,
			);
			runOnlyForDeploymentPostprocessing = 0;
		};
/* End PBXResourcesBuildPhase section */

/* Begin PBXShellScriptBuildPhase section */
		87B82A63616D3C331E312E24 /* [CP] Check Pods Manifest.lock */ = {
			isa = PBXShellScriptBuildPhase;
			buildActionMask = 2147483647;
			files = (
			);
			inputFileListPaths = (
			);
			inputPaths = (
				"${PODS_PODFILE_DIR_PATH}/Podfile.lock",
				"${PODS_ROOT}/Manifest.lock",
			);
			name = "[CP] Check Pods Manifest.lock";
			outputFileListPaths = (
			);
			outputPaths = (
				"$(DERIVED_FILE_DIR)/Pods-afterHolidays-checkManifestLockResult.txt",
			);
			runOnlyForDeploymentPostprocessing = 0;
			shellPath = /bin/sh;
			shellScript = "diff \"${PODS_PODFILE_DIR_PATH}/Podfile.lock\" \"${PODS_ROOT}/Manifest.lock\" > /dev/null\nif [ $? != 0 ] ; then\n    # print error to STDERR\n    echo \"error: The sandbox is not in sync with the Podfile.lock. Run 'pod install' or update your CocoaPods installation.\" >&2\n    exit 1\nfi\n# This output is used by Xcode 'outputs' to avoid re-running this script phase.\necho \"SUCCESS\" > \"${SCRIPT_OUTPUT_FILE_0}\"\n";
			showEnvVarsInLog = 0;
		};
		CFC45F1E83C427E492D53183 /* [CP] Embed Pods Frameworks */ = {
			isa = PBXShellScriptBuildPhase;
			buildActionMask = 2147483647;
			files = (
			);
			inputFileListPaths = (
				"${PODS_ROOT}/Target Support Files/Pods-afterHolidays/Pods-afterHolidays-frameworks-${CONFIGURATION}-input-files.xcfilelist",
			);
			name = "[CP] Embed Pods Frameworks";
			outputFileListPaths = (
				"${PODS_ROOT}/Target Support Files/Pods-afterHolidays/Pods-afterHolidays-frameworks-${CONFIGURATION}-output-files.xcfilelist",
			);
			runOnlyForDeploymentPostprocessing = 0;
			shellPath = /bin/sh;
			shellScript = "\"${PODS_ROOT}/Target Support Files/Pods-afterHolidays/Pods-afterHolidays-frameworks.sh\"\n";
			showEnvVarsInLog = 0;
		};
/* End PBXShellScriptBuildPhase section */

/* Begin PBXSourcesBuildPhase section */
		A29B102F26CB91CB007A93F2 /* Sources */ = {
			isa = PBXSourcesBuildPhase;
			buildActionMask = 2147483647;
			files = (
				A29B103B26CB91CB007A93F2 /* ViewController.swift in Sources */,
				A29B103726CB91CB007A93F2 /* AppDelegate.swift in Sources */,
				A29B103926CB91CB007A93F2 /* SceneDelegate.swift in Sources */,
			);
			runOnlyForDeploymentPostprocessing = 0;
		};
/* End PBXSourcesBuildPhase section */

/* Begin PBXVariantGroup section */
		A29B103C26CB91CB007A93F2 /* Main.storyboard */ = {
			isa = PBXVariantGroup;
			children = (
				A29B103D26CB91CB007A93F2 /* Base */,
			);
			name = Main.storyboard;
			sourceTree = "<group>";
		};
		A29B104126CB91CC007A93F2 /* LaunchScreen.storyboard */ = {
			isa = PBXVariantGroup;
			children = (
				A29B104226CB91CC007A93F2 /* Base */,
			);
			name = LaunchScreen.storyboard;
			sourceTree = "<group>";
		};
/* End PBXVariantGroup section */

/* Begin XCBuildConfiguration section */
		A29B104526CB91CC007A93F2 /* Debug */ = {
			isa = XCBuildConfiguration;
			buildSettings = {
				ALWAYS_SEARCH_USER_PATHS = NO;
				CLANG_ANALYZER_NONNULL = YES;
				CLANG_ANALYZER_NUMBER_OBJECT_CONVERSION = YES_AGGRESSIVE;
				CLANG_CXX_LANGUAGE_STANDARD = "gnu++14";
				CLANG_CXX_LIBRARY = "libc++";
				CLANG_ENABLE_MODULES = YES;
				CLANG_ENABLE_OBJC_ARC = YES;
				CLANG_ENABLE_OBJC_WEAK = YES;
				CLANG_WARN_BLOCK_CAPTURE_AUTORELEASING = YES;
				CLANG_WARN_BOOL_CONVERSION = YES;
				CLANG_WARN_COMMA = YES;
				CLANG_WARN_CONSTANT_CONVERSION = YES;
				CLANG_WARN_DEPRECATED_OBJC_IMPLEMENTATIONS = YES;
				CLANG_WARN_DIRECT_OBJC_ISA_USAGE = YES_ERROR;
				CLANG_WARN_DOCUMENTATION_COMMENTS = YES;
				CLANG_WARN_EMPTY_BODY = YES;
				CLANG_WARN_ENUM_CONVERSION = YES;
				CLANG_WARN_INFINITE_RECURSION = YES;
				CLANG_WARN_INT_CONVERSION = YES;
				CLANG_WARN_NON_LITERAL_NULL_CONVERSION = YES;
				CLANG_WARN_OBJC_IMPLICIT_RETAIN_SELF = YES;
				CLANG_WARN_OBJC_LITERAL_CONVERSION = YES;
				CLANG_WARN_OBJC_ROOT_CLASS = YES_ERROR;
				CLANG_WARN_QUOTED_INCLUDE_IN_FRAMEWORK_HEADER = YES;
				CLANG_WARN_RANGE_LOOP_ANALYSIS = YES;
				CLANG_WARN_STRICT_PROTOTYPES = YES;
				CLANG_WARN_SUSPICIOUS_MOVE = YES;
				CLANG_WARN_UNGUARDED_AVAILABILITY = YES_AGGRESSIVE;
				CLANG_WARN_UNREACHABLE_CODE = YES;
				CLANG_WARN__DUPLICATE_METHOD_MATCH = YES;
				COPY_PHASE_STRIP = NO;
				DEBUG_INFORMATION_FORMAT = dwarf;
				ENABLE_STRICT_OBJC_MSGSEND = YES;
				ENABLE_TESTABILITY = YES;
				GCC_C_LANGUAGE_STANDARD = gnu11;
				GCC_DYNAMIC_NO_PIC = NO;
				GCC_NO_COMMON_BLOCKS = YES;
				GCC_OPTIMIZATION_LEVEL = 0;
				GCC_PREPROCESSOR_DEFINITIONS = (
					"DEBUG=1",
					"$(inherited)",
				);
				GCC_WARN_64_TO_32_BIT_CONVERSION = YES;
				GCC_WARN_ABOUT_RETURN_TYPE = YES_ERROR;
				GCC_WARN_UNDECLARED_SELECTOR = YES;
				GCC_WARN_UNINITIALIZED_AUTOS = YES_AGGRESSIVE;
				GCC_WARN_UNUSED_FUNCTION = YES;
				GCC_WARN_UNUSED_VARIABLE = YES;
				IPHONEOS_DEPLOYMENT_TARGET = 14.5;
				MTL_ENABLE_DEBUG_INFO = INCLUDE_SOURCE;
				MTL_FAST_MATH = YES;
				ONLY_ACTIVE_ARCH = YES;
				SDKROOT = iphoneos;
				SWIFT_ACTIVE_COMPILATION_CONDITIONS = DEBUG;
				SWIFT_OPTIMIZATION_LEVEL = "-Onone";
			};
			name = Debug;
		};
		A29B104626CB91CC007A93F2 /* Release */ = {
			isa = XCBuildConfiguration;
			buildSettings = {
				ALWAYS_SEARCH_USER_PATHS = NO;
				CLANG_ANALYZER_NONNULL = YES;
				CLANG_ANALYZER_NUMBER_OBJECT_CONVERSION = YES_AGGRESSIVE;
				CLANG_CXX_LANGUAGE_STANDARD = "gnu++14";
				CLANG_CXX_LIBRARY = "libc++";
				CLANG_ENABLE_MODULES = YES;
				CLANG_ENABLE_OBJC_ARC = YES;
				CLANG_ENABLE_OBJC_WEAK = YES;
				CLANG_WARN_BLOCK_CAPTURE_AUTORELEASING = YES;
				CLANG_WARN_BOOL_CONVERSION = YES;
				CLANG_WARN_COMMA = YES;
				CLANG_WARN_CONSTANT_CONVERSION = YES;
				CLANG_WARN_DEPRECATED_OBJC_IMPLEMENTATIONS = YES;
				CLANG_WARN_DIRECT_OBJC_ISA_USAGE = YES_ERROR;
				CLANG_WARN_DOCUMENTATION_COMMENTS = YES;
				CLANG_WARN_EMPTY_BODY = YES;
				CLANG_WARN_ENUM_CONVERSION = YES;
				CLANG_WARN_INFINITE_RECURSION = YES;
				CLANG_WARN_INT_CONVERSION = YES;
				CLANG_WARN_NON_LITERAL_NULL_CONVERSION = YES;
				CLANG_WARN_OBJC_IMPLICIT_RETAIN_SELF = YES;
				CLANG_WARN_OBJC_LITERAL_CONVERSION = YES;
				CLANG_WARN_OBJC_ROOT_CLASS = YES_ERROR;
				CLANG_WARN_QUOTED_INCLUDE_IN_FRAMEWORK_HEADER = YES;
				CLANG_WARN_RANGE_LOOP_ANALYSIS = YES;
				CLANG_WARN_STRICT_PROTOTYPES = YES;
				CLANG_WARN_SUSPICIOUS_MOVE = YES;
				CLANG_WARN_UNGUARDED_AVAILABILITY = YES_AGGRESSIVE;
				CLANG_WARN_UNREACHABLE_CODE = YES;
				CLANG_WARN__DUPLICATE_METHOD_MATCH = YES;
				COPY_PHASE_STRIP = NO;
				DEBUG_INFORMATION_FORMAT = "dwarf-with-dsym";
				ENABLE_NS_ASSERTIONS = NO;
				ENABLE_STRICT_OBJC_MSGSEND = YES;
				GCC_C_LANGUAGE_STANDARD = gnu11;
				GCC_NO_COMMON_BLOCKS = YES;
				GCC_WARN_64_TO_32_BIT_CONVERSION = YES;
				GCC_WARN_ABOUT_RETURN_TYPE = YES_ERROR;
				GCC_WARN_UNDECLARED_SELECTOR = YES;
				GCC_WARN_UNINITIALIZED_AUTOS = YES_AGGRESSIVE;
				GCC_WARN_UNUSED_FUNCTION = YES;
				GCC_WARN_UNUSED_VARIABLE = YES;
				IPHONEOS_DEPLOYMENT_TARGET = 14.5;
				MTL_ENABLE_DEBUG_INFO = NO;
				MTL_FAST_MATH = YES;
				SDKROOT = iphoneos;
				SWIFT_COMPILATION_MODE = wholemodule;
				SWIFT_OPTIMIZATION_LEVEL = "-O";
				VALIDATE_PRODUCT = YES;
			};
			name = Release;
		};
		A29B104826CB91CC007A93F2 /* Debug */ = {
			isa = XCBuildConfiguration;
			baseConfigurationReference = DC09B2AA2BDC01511D5476EB /* Pods-afterHolidays.debug.xcconfig */;
			buildSettings = {
				ASSETCATALOG_COMPILER_APPICON_NAME = AppIcon;
				ASSETCATALOG_COMPILER_GLOBAL_ACCENT_COLOR_NAME = AccentColor;
				CODE_SIGN_STYLE = Automatic;
				INFOPLIST_FILE = afterHolidays/Info.plist;
				LD_RUNPATH_SEARCH_PATHS = (
					"$(inherited)",
					"@executable_path/Frameworks",
				);
				PRODUCT_BUNDLE_IDENTIFIER = blas.toth.afterHolidays;
				PRODUCT_NAME = "$(TARGET_NAME)";
				SWIFT_VERSION = 5.0;
				TARGETED_DEVICE_FAMILY = "1,2";
			};
			name = Debug;
		};
		A29B104926CB91CC007A93F2 /* Release */ = {
			isa = XCBuildConfiguration;
			baseConfigurationReference = 8EF5168ED2C94F9963B5D152 /* Pods-afterHolidays.release.xcconfig */;
			buildSettings = {
				ASSETCATALOG_COMPILER_APPICON_NAME = AppIcon;
				ASSETCATALOG_COMPILER_GLOBAL_ACCENT_COLOR_NAME = AccentColor;
				CODE_SIGN_STYLE = Automatic;
				INFOPLIST_FILE = afterHolidays/Info.plist;
				LD_RUNPATH_SEARCH_PATHS = (
					"$(inherited)",
					"@executable_path/Frameworks",
				);
				PRODUCT_BUNDLE_IDENTIFIER = blas.toth.afterHolidays;
				PRODUCT_NAME = "$(TARGET_NAME)";
				SWIFT_VERSION = 5.0;
				TARGETED_DEVICE_FAMILY = "1,2";
			};
			name = Release;
		};
/* End XCBuildConfiguration section */

/* Begin XCConfigurationList section */
		A29B102E26CB91CB007A93F2 /* Build configuration list for PBXProject "afterHolidays" */ = {
			isa = XCConfigurationList;
			buildConfigurations = (
				A29B104526CB91CC007A93F2 /* Debug */,
				A29B104626CB91CC007A93F2 /* Release */,
			);
			defaultConfigurationIsVisible = 0;
			defaultConfigurationName = Release;
		};
		A29B104726CB91CC007A93F2 /* Build configuration list for PBXNativeTarget "afterHolidays" */ = {
			isa = XCConfigurationList;
			buildConfigurations = (
				A29B104826CB91CC007A93F2 /* Debug */,
				A29B104926CB91CC007A93F2 /* Release */,
			);
			defaultConfigurationIsVisible = 0;
			defaultConfigurationName = Release;
		};
/* End XCConfigurationList section */
	};
	rootObject = A29B102B26CB91CB007A93F2 /* Project object */;
}
